
Microsoft Visual Studio Solution File, Format Version 12.00
# Visual Studio Version 16
VisualStudioVersion = 16.0.33920.266
MinimumVisualStudioVersion = 10.0.40219.1
Project("{FAE04EC0-301F-11D3-BF4B-00C04F79EFBC}") = "Gestor de estoque", "Gestor de estoque\Gestor de estoque.csproj", "{572FA1A4-955F-4AAD-ADE0-4E16E86CD12B}"
EndProject
Global
	GlobalSection(SolutionConfigurationPlatforms) = preSolution
		Debug|Any CPU = Debug|Any CPU
		Release|Any CPU = Release|Any CPU
	EndGlobalSection
	GlobalSection(ProjectConfigurationPlatforms) = postSolution
		{572FA1A4-955F-4AAD-ADE0-4E16E86CD12B}.Debug|Any CPU.ActiveCfg = Debug|Any CPU
		{572FA1A4-955F-4AAD-ADE0-4E16E86CD12B}.Debug|Any CPU.Build.0 = Debug|Any CPU
		{572FA1A4-955F-4AAD-ADE0-4E16E86CD12B}.Release|Any CPU.ActiveCfg = Release|Any CPU
		{572FA1A4-955F-4AAD-ADE0-4E16E86CD12B}.Release|Any CPU.Build.0 = Release|Any CPU
	EndGlobalSection
	GlobalSection(SolutionProperties) = preSolution
		HideSolutionNode = FALSE
	EndGlobalSection
	GlobalSection(ExtensibilityGlobals) = postSolution
		SolutionGuid = {90C2FE13-43DB-4A74-B33A-51B326D6C90D}
	EndGlobalSection
EndGlobal
